// !$*UTF8*$!
{
	archiveVersion = 1;
	classes = {
	};
	objectVersion = 46;
	objects = {

/* Begin PBXBuildFile section */
		C0BD54581DDBB863002D46B6 /* AppDelegate.swift in Sources */ = {isa = PBXBuildFile; fileRef = C0BD54571DDBB863002D46B6 /* AppDelegate.swift */; };
		C0BD545A1DDBB863002D46B6 /* ViewController.swift in Sources */ = {isa = PBXBuildFile; fileRef = C0BD54591DDBB863002D46B6 /* ViewController.swift */; };
		C0BD545D1DDBB863002D46B6 /* Main.storyboard in Resources */ = {isa = PBXBuildFile; fileRef = C0BD545B1DDBB863002D46B6 /* Main.storyboard */; };
		C0BD54601DDBB863002D46B6 /* guessingGame.xcdatamodeld in Sources */ = {isa = PBXBuildFile; fileRef = C0BD545E1DDBB863002D46B6 /* guessingGame.xcdatamodeld */; };
		C0BD54621DDBB863002D46B6 /* Assets.xcassets in Resources */ = {isa = PBXBuildFile; fileRef = C0BD54611DDBB863002D46B6 /* Assets.xcassets */; };
		C0BD54651DDBB863002D46B6 /* LaunchScreen.storyboard in Resources */ = {isa = PBXBuildFile; fileRef = C0BD54631DDBB863002D46B6 /* LaunchScreen.storyboard */; };
		C0BD54701DDBB863002D46B6 /* guessingGameTests.swift in Sources */ = {isa = PBXBuildFile; fileRef = C0BD546F1DDBB863002D46B6 /* guessingGameTests.swift */; };
		C0BD547B1DDBB863002D46B6 /* guessingGameUITests.swift in Sources */ = {isa = PBXBuildFile; fileRef = C0BD547A1DDBB863002D46B6 /* guessingGameUITests.swift */; };
/* End PBXBuildFile section */

/* Begin PBXContainerItemProxy section */
		C0BD546C1DDBB863002D46B6 /* PBXContainerItemProxy */ = {
			isa = PBXContainerItemProxy;
			containerPortal = C0BD544C1DDBB863002D46B6 /* Project object */;
			proxyType = 1;
			remoteGlobalIDString = C0BD54531DDBB863002D46B6;
			remoteInfo = guessingGame;
		};
		C0BD54771DDBB863002D46B6 /* PBXContainerItemProxy */ = {
			isa = PBXContainerItemProxy;
			containerPortal = C0BD544C1DDBB863002D46B6 /* Project object */;
			proxyType = 1;
			remoteGlobalIDString = C0BD54531DDBB863002D46B6;
			remoteInfo = guessingGame;
		};
/* End PBXContainerItemProxy section */

/* Begin PBXFileReference section */
		C0BD54541DDBB863002D46B6 /* guessingGame.app */ = {isa = PBXFileReference; explicitFileType = wrapper.application; includeInIndex = 0; path = guessingGame.app; sourceTree = BUILT_PRODUCTS_DIR; };
		C0BD54571DDBB863002D46B6 /* AppDelegate.swift */ = {isa = PBXFileReference; lastKnownFileType = sourcecode.swift; path = AppDelegate.swift; sourceTree = "<group>"; };
		C0BD54591DDBB863002D46B6 /* ViewController.swift */ = {isa = PBXFileReference; lastKnownFileType = sourcecode.swift; path = ViewController.swift; sourceTree = "<group>"; };
		C0BD545C1DDBB863002D46B6 /* Base */ = {isa = PBXFileReference; lastKnownFileType = file.storyboard; name = Base; path = Base.lproj/Main.storyboard; sourceTree = "<group>"; };
		C0BD545F1DDBB863002D46B6 /* guessingGame.xcdatamodel */ = {isa = PBXFileReference; lastKnownFileType = wrapper.xcdatamodel; path = guessingGame.xcdatamodel; sourceTree = "<group>"; };
		C0BD54611DDBB863002D46B6 /* Assets.xcassets */ = {isa = PBXFileReference; lastKnownFileType = folder.assetcatalog; path = Assets.xcassets; sourceTree = "<group>"; };
		C0BD54641DDBB863002D46B6 /* Base */ = {isa = PBXFileReference; lastKnownFileType = file.storyboard; name = Base; path = Base.lproj/LaunchScreen.storyboard; sourceTree = "<group>"; };
		C0BD54661DDBB863002D46B6 /* Info.plist */ = {isa = PBXFileReference; lastKnownFileType = text.plist.xml; path = Info.plist; sourceTree = "<group>"; };
		C0BD546B1DDBB863002D46B6 /* guessingGameTests.xctest */ = {isa = PBXFileReference; explicitFileType = wrapper.cfbundle; includeInIndex = 0; path = guessingGameTests.xctest; sourceTree = BUILT_PRODUCTS_DIR; };
		C0BD546F1DDBB863002D46B6 /* guessingGameTests.swift */ = {isa = PBXFileReference; lastKnownFileType = sourcecode.swift; path = guessingGameTests.swift; sourceTree = "<group>"; };
		C0BD54711DDBB863002D46B6 /* Info.plist */ = {isa = PBXFileReference; lastKnownFileType = text.plist.xml; path = Info.plist; sourceTree = "<group>"; };
		C0BD54761DDBB863002D46B6 /* guessingGameUITests.xctest */ = {isa = PBXFileReference; explicitFileType = wrapper.cfbundle; includeInIndex = 0; path = guessingGameUITests.xctest; sourceTree = BUILT_PRODUCTS_DIR; };
		C0BD547A1DDBB863002D46B6 /* guessingGameUITests.swift */ = {isa = PBXFileReference; lastKnownFileType = sourcecode.swift; path = guessingGameUITests.swift; sourceTree = "<group>"; };
		C0BD547C1DDBB863002D46B6 /* Info.plist */ = {isa = PBXFileReference; lastKnownFileType = text.plist.xml; path = Info.plist; sourceTree = "<group>"; };
/* End PBXFileReference section */

/* Begin PBXFrameworksBuildPhase section */
		C0BD54511DDBB863002D46B6 /* Frameworks */ = {
			isa = PBXFrameworksBuildPhase;
			buildActionMask = 2147483647;
			files = (
			);
			runOnlyForDeploymentPostprocessing = 0;
		};
		C0BD54681DDBB863002D46B6 /* Frameworks */ = {
			isa = PBXFrameworksBuildPhase;
			buildActionMask = 2147483647;
			files = (
			);
			runOnlyForDeploymentPostprocessing = 0;
		};
		C0BD54731DDBB863002D46B6 /* Frameworks */ = {
			isa = PBXFrameworksBuildPhase;
			buildActionMask = 2147483647;
			files = (
			);
			runOnlyForDeploymentPostprocessing = 0;
		};
/* End PBXFrameworksBuildPhase section */

/* Begin PBXGroup section */
		C0BD544B1DDBB863002D46B6 = {
			isa = PBXGroup;
			children = (
				C0BD54561DDBB863002D46B6 /* guessingGame */,
				C0BD546E1DDBB863002D46B6 /* guessingGameTests */,
				C0BD54791DDBB863002D46B6 /* guessingGameUITests */,
				C0BD54551DDBB863002D46B6 /* Products */,
			);
			sourceTree = "<group>";
		};
		C0BD54551DDBB863002D46B6 /* Products */ = {
			isa = PBXGroup;
			children = (
				C0BD54541DDBB863002D46B6 /* guessingGame.app */,
				C0BD546B1DDBB863002D46B6 /* guessingGameTests.xctest */,
				C0BD54761DDBB863002D46B6 /* guessingGameUITests.xctest */,
			);
			name = Products;
			sourceTree = "<group>";
		};
		C0BD54561DDBB863002D46B6 /* guessingGame */ = {
			isa = PBXGroup;
			children = (
				C0BD54571DDBB863002D46B6 /* AppDelegate.swift */,
				C0BD54591DDBB863002D46B6 /* ViewController.swift */,
				C0BD545B1DDBB863002D46B6 /* Main.storyboard */,
				C0BD54611DDBB863002D46B6 /* Assets.xcassets */,
				C0BD54631DDBB863002D46B6 /* LaunchScreen.storyboard */,
				C0BD54661DDBB863002D46B6 /* Info.plist */,
				C0BD545E1DDBB863002D46B6 /* guessingGame.xcdatamodeld */,
			);
			path = guessingGame;
			sourceTree = "<group>";
		};
		C0BD546E1DDBB863002D46B6 /* guessingGameTests */ = {
			isa = PBXGroup;
			children = (
				C0BD546F1DDBB863002D46B6 /* guessingGameTests.swift */,
				C0BD54711DDBB863002D46B6 /* Info.plist */,
			);
			path = guessingGameTests;
			sourceTree = "<group>";
		};
		C0BD54791DDBB863002D46B6 /* guessingGameUITests */ = {
			isa = PBXGroup;
			children = (
				C0BD547A1DDBB863002D46B6 /* guessingGameUITests.swift */,
				C0BD547C1DDBB863002D46B6 /* Info.plist */,
			);
			path = guessingGameUITests;
			sourceTree = "<group>";
		};
/* End PBXGroup section */

/* Begin PBXNativeTarget section */
		C0BD54531DDBB863002D46B6 /* guessingGame */ = {
			isa = PBXNativeTarget;
			buildConfigurationList = C0BD547F1DDBB863002D46B6 /* Build configuration list for PBXNativeTarget "guessingGame" */;
			buildPhases = (
				C0BD54501DDBB863002D46B6 /* Sources */,
				C0BD54511DDBB863002D46B6 /* Frameworks */,
				C0BD54521DDBB863002D46B6 /* Resources */,
			);
			buildRules = (
			);
			dependencies = (
			);
			name = guessingGame;
			productName = guessingGame;
			productReference = C0BD54541DDBB863002D46B6 /* guessingGame.app */;
			productType = "com.apple.product-type.application";
		};
		C0BD546A1DDBB863002D46B6 /* guessingGameTests */ = {
			isa = PBXNativeTarget;
			buildConfigurationList = C0BD54821DDBB863002D46B6 /* Build configuration list for PBXNativeTarget "guessingGameTests" */;
			buildPhases = (
				C0BD54671DDBB863002D46B6 /* Sources */,
				C0BD54681DDBB863002D46B6 /* Frameworks */,
				C0BD54691DDBB863002D46B6 /* Resources */,
			);
			buildRules = (
			);
			dependencies = (
				C0BD546D1DDBB863002D46B6 /* PBXTargetDependency */,
			);
			name = guessingGameTests;
			productName = guessingGameTests;
			productReference = C0BD546B1DDBB863002D46B6 /* guessingGameTests.xctest */;
			productType = "com.apple.product-type.bundle.unit-test";
		};
		C0BD54751DDBB863002D46B6 /* guessingGameUITests */ = {
			isa = PBXNativeTarget;
			buildConfigurationList = C0BD54851DDBB863002D46B6 /* Build configuration list for PBXNativeTarget "guessingGameUITests" */;
			buildPhases = (
				C0BD54721DDBB863002D46B6 /* Sources */,
				C0BD54731DDBB863002D46B6 /* Frameworks */,
				C0BD54741DDBB863002D46B6 /* Resources */,
			);
			buildRules = (
			);
			dependencies = (
				C0BD54781DDBB863002D46B6 /* PBXTargetDependency */,
			);
			name = guessingGameUITests;
			productName = guessingGameUITests;
			productReference = C0BD54761DDBB863002D46B6 /* guessingGameUITests.xctest */;
			productType = "com.apple.product-type.bundle.ui-testing";
		};
/* End PBXNativeTarget section */

/* Begin PBXProject section */
		C0BD544C1DDBB863002D46B6 /* Project object */ = {
			isa = PBXProject;
			attributes = {
				LastSwiftUpdateCheck = 0810;
				LastUpgradeCheck = 0810;
				ORGANIZATIONNAME = "Viraj Patel";
				TargetAttributes = {
					C0BD54531DDBB863002D46B6 = {
						CreatedOnToolsVersion = 8.1;
						ProvisioningStyle = Automatic;
					};
					C0BD546A1DDBB863002D46B6 = {
						CreatedOnToolsVersion = 8.1;
						ProvisioningStyle = Automatic;
						TestTargetID = C0BD54531DDBB863002D46B6;
					};
					C0BD54751DDBB863002D46B6 = {
						CreatedOnToolsVersion = 8.1;
						ProvisioningStyle = Automatic;
						TestTargetID = C0BD54531DDBB863002D46B6;
					};
				};
			};
			buildConfigurationList = C0BD544F1DDBB863002D46B6 /* Build configuration list for PBXProject "guessingGame" */;
			compatibilityVersion = "Xcode 3.2";
			developmentRegion = English;
			hasScannedForEncodings = 0;
			knownRegions = (
				en,
				Base,
			);
			mainGroup = C0BD544B1DDBB863002D46B6;
			productRefGroup = C0BD54551DDBB863002D46B6 /* Products */;
			projectDirPath = "";
			projectRoot = "";
			targets = (
				C0BD54531DDBB863002D46B6 /* guessingGame */,
				C0BD546A1DDBB863002D46B6 /* guessingGameTests */,
				C0BD54751DDBB863002D46B6 /* guessingGameUITests */,
			);
		};
/* End PBXProject section */

/* Begin PBXResourcesBuildPhase section */
		C0BD54521DDBB863002D46B6 /* Resources */ = {
			isa = PBXResourcesBuildPhase;
			buildActionMask = 2147483647;
			files = (
				C0BD54651DDBB863002D46B6 /* LaunchScreen.storyboard in Resources */,
				C0BD54621DDBB863002D46B6 /* Assets.xcassets in Resources */,
				C0BD545D1DDBB863002D46B6 /* Main.storyboard in Resources */,
			);
			runOnlyForDeploymentPostprocessing = 0;
		};
		C0BD54691DDBB863002D46B6 /* Resources */ = {
			isa = PBXResourcesBuildPhase;
			buildActionMask = 2147483647;
			files = (
			);
			runOnlyForDeploymentPostprocessing = 0;
		};
		C0BD54741DDBB863002D46B6 /* Resources */ = {
			isa = PBXResourcesBuildPhase;
			buildActionMask = 2147483647;
			files = (
			);
			runOnlyForDeploymentPostprocessing = 0;
		};
/* End PBXResourcesBuildPhase section */

/* Begin PBXSourcesBuildPhase section */
		C0BD54501DDBB863002D46B6 /* Sources */ = {
			isa = PBXSourcesBuildPhase;
			buildActionMask = 2147483647;
			files = (
				C0BD54601DDBB863002D46B6 /* guessingGame.xcdatamodeld in Sources */,
				C0BD545A1DDBB863002D46B6 /* ViewController.swift in Sources */,
				C0BD54581DDBB863002D46B6 /* AppDelegate.swift in Sources */,
			);
			runOnlyForDeploymentPostprocessing = 0;
		};
		C0BD54671DDBB863002D46B6 /* Sources */ = {
			isa = PBXSourcesBuildPhase;
			buildActionMask = 2147483647;
			files = (
				C0BD54701DDBB863002D46B6 /* guessingGameTests.swift in Sources */,
			);
			runOnlyForDeploymentPostprocessing = 0;
		};
		C0BD54721DDBB863002D46B6 /* Sources */ = {
			isa = PBXSourcesBuildPhase;
			buildActionMask = 2147483647;
			files = (
				C0BD547B1DDBB863002D46B6 /* guessingGameUITests.swift in Sources */,
			);
			runOnlyForDeploymentPostprocessing = 0;
		};
/* End PBXSourcesBuildPhase section */

/* Begin PBXTargetDependency section */
		C0BD546D1DDBB863002D46B6 /* PBXTargetDependency */ = {
			isa = PBXTargetDependency;
			target = C0BD54531DDBB863002D46B6 /* guessingGame */;
			targetProxy = C0BD546C1DDBB863002D46B6 /* PBXContainerItemProxy */;
		};
		C0BD54781DDBB863002D46B6 /* PBXTargetDependency */ = {
			isa = PBXTargetDependency;
			target = C0BD54531DDBB863002D46B6 /* guessingGame */;
			targetProxy = C0BD54771DDBB863002D46B6 /* PBXContainerItemProxy */;
		};
/* End PBXTargetDependency section */

/* Begin PBXVariantGroup section */
		C0BD545B1DDBB863002D46B6 /* Main.storyboard */ = {
			isa = PBXVariantGroup;
			children = (
				C0BD545C1DDBB863002D46B6 /* Base */,
			);
			name = Main.storyboard;
			sourceTree = "<group>";
		};
		C0BD54631DDBB863002D46B6 /* LaunchScreen.storyboard */ = {
			isa = PBXVariantGroup;
			children = (
				C0BD54641DDBB863002D46B6 /* Base */,
			);
			name = LaunchScreen.storyboard;
			sourceTree = "<group>";
		};
/* End PBXVariantGroup section */

/* Begin XCBuildConfiguration section */
		C0BD547D1DDBB863002D46B6 /* Debug */ = {
			isa = XCBuildConfiguration;
			buildSettings = {
				ALWAYS_SEARCH_USER_PATHS = NO;
				CLANG_ANALYZER_NONNULL = YES;
				CLANG_CXX_LANGUAGE_STANDARD = "gnu++0x";
				CLANG_CXX_LIBRARY = "libc++";
				CLANG_ENABLE_MODULES = YES;
				CLANG_ENABLE_OBJC_ARC = YES;
				CLANG_WARN_BOOL_CONVERSION = YES;
				CLANG_WARN_CONSTANT_CONVERSION = YES;
				CLANG_WARN_DIRECT_OBJC_ISA_USAGE = YES_ERROR;
				CLANG_WARN_DOCUMENTATION_COMMENTS = YES;
				CLANG_WARN_EMPTY_BODY = YES;
				CLANG_WARN_ENUM_CONVERSION = YES;
				CLANG_WARN_INFINITE_RECURSION = YES;
				CLANG_WARN_INT_CONVERSION = YES;
				CLANG_WARN_OBJC_ROOT_CLASS = YES_ERROR;
				CLANG_WARN_SUSPICIOUS_MOVES = YES;
				CLANG_WARN_UNREACHABLE_CODE = YES;
				CLANG_WARN__DUPLICATE_METHOD_MATCH = YES;
				"CODE_SIGN_IDENTITY[sdk=iphoneos*]" = "iPhone Developer";
				COPY_PHASE_STRIP = NO;
				DEBUG_INFORMATION_FORMAT = dwarf;
				ENABLE_STRICT_OBJC_MSGSEND = YES;
				ENABLE_TESTABILITY = YES;
				GCC_C_LANGUAGE_STANDARD = gnu99;
				GCC_DYNAMIC_NO_PIC = NO;
				GCC_NO_COMMON_BLOCKS = YES;
				GCC_OPTIMIZATION_LEVEL = 0;
				GCC_PREPROCESSOR_DEFINITIONS = (
					"DEBUG=1",
					"$(inherited)",
				);
				GCC_WARN_64_TO_32_BIT_CONVERSION = YES;
				GCC_WARN_ABOUT_RETURN_TYPE = YES_ERROR;
				GCC_WARN_UNDECLARED_SELECTOR = YES;
				GCC_WARN_UNINITIALIZED_AUTOS = YES_AGGRESSIVE;
				GCC_WARN_UNUSED_FUNCTION = YES;
				GCC_WARN_UNUSED_VARIABLE = YES;
				IPHONEOS_DEPLOYMENT_TARGET = 10.1;
				MTL_ENABLE_DEBUG_INFO = YES;
				ONLY_ACTIVE_ARCH = YES;
				SDKROOT = iphoneos;
				SWIFT_ACTIVE_COMPILATION_CONDITIONS = DEBUG;
				SWIFT_OPTIMIZATION_LEVEL = "-Onone";
			};
			name = Debug;
		};
		C0BD547E1DDBB863002D46B6 /* Release */ = {
			isa = XCBuildConfiguration;
			buildSettings = {
				ALWAYS_SEARCH_USER_PATHS = NO;
				CLANG_ANALYZER_NONNULL = YES;
				CLANG_CXX_LANGUAGE_STANDARD = "gnu++0x";
				CLANG_CXX_LIBRARY = "libc++";
				CLANG_ENABLE_MODULES = YES;
				CLANG_ENABLE_OBJC_ARC = YES;
				CLANG_WARN_BOOL_CONVERSION = YES;
				CLANG_WARN_CONSTANT_CONVERSION = YES;
				CLANG_WARN_DIRECT_OBJC_ISA_USAGE = YES_ERROR;
				CLANG_WARN_DOCUMENTATION_COMMENTS = YES;
				CLANG_WARN_EMPTY_BODY = YES;
				CLANG_WARN_ENUM_CONVERSION = YES;
				CLANG_WARN_INFINITE_RECURSION = YES;
				CLANG_WARN_INT_CONVERSION = YES;
				CLANG_WARN_OBJC_ROOT_CLASS = YES_ERROR;
				CLANG_WARN_SUSPICIOUS_MOVES = YES;
				CLANG_WARN_UNREACHABLE_CODE = YES;
				CLANG_WARN__DUPLICATE_METHOD_MATCH = YES;
				"CODE_SIGN_IDENTITY[sdk=iphoneos*]" = "iPhone Developer";
				COPY_PHASE_STRIP = NO;
				DEBUG_INFORMATION_FORMAT = "dwarf-with-dsym";
				ENABLE_NS_ASSERTIONS = NO;
				ENABLE_STRICT_OBJC_MSGSEND = YES;
				GCC_C_LANGUAGE_STANDARD = gnu99;
				GCC_NO_COMMON_BLOCKS = YES;
				GCC_WARN_64_TO_32_BIT_CONVERSION = YES;
				GCC_WARN_ABOUT_RETURN_TYPE = YES_ERROR;
				GCC_WARN_UNDECLARED_SELECTOR = YES;
				GCC_WARN_UNINITIALIZED_AUTOS = YES_AGGRESSIVE;
				GCC_WARN_UNUSED_FUNCTION = YES;
				GCC_WARN_UNUSED_VARIABLE = YES;
				IPHONEOS_DEPLOYMENT_TARGET = 10.1;
				MTL_ENABLE_DEBUG_INFO = NO;
				SDKROOT = iphoneos;
				SWIFT_OPTIMIZATION_LEVEL = "-Owholemodule";
				VALIDATE_PRODUCT = YES;
			};
			name = Release;
		};
		C0BD54801DDBB863002D46B6 /* Debug */ = {
			isa = XCBuildConfiguration;
			buildSettings = {
				ASSETCATALOG_COMPILER_APPICON_NAME = AppIcon;
				INFOPLIST_FILE = guessingGame/Info.plist;
				LD_RUNPATH_SEARCH_PATHS = "$(inherited) @executable_path/Frameworks";
				PRODUCT_BUNDLE_IDENTIFIER = me.virajpatel.guessingGame;
				PRODUCT_NAME = "$(TARGET_NAME)";
				SWIFT_VERSION = 3.0;
			};
			name = Debug;
		};
		C0BD54811DDBB863002D46B6 /* Release */ = {
			isa = XCBuildConfiguration;
			buildSettings = {
				ASSETCATALOG_COMPILER_APPICON_NAME = AppIcon;
				INFOPLIST_FILE = guessingGame/Info.plist;
				LD_RUNPATH_SEARCH_PATHS = "$(inherited) @executable_path/Frameworks";
				PRODUCT_BUNDLE_IDENTIFIER = me.virajpatel.guessingGame;
				PRODUCT_NAME = "$(TARGET_NAME)";
				SWIFT_VERSION = 3.0;
			};
			name = Release;
		};
		C0BD54831DDBB863002D46B6 /* Debug */ = {
			isa = XCBuildConfiguration;
			buildSettings = {
				ALWAYS_EMBED_SWIFT_STANDARD_LIBRARIES = YES;
				BUNDLE_LOADER = "$(TEST_HOST)";
				INFOPLIST_FILE = guessingGameTests/Info.plist;
				LD_RUNPATH_SEARCH_PATHS = "$(inherited) @executable_path/Frameworks @loader_path/Frameworks";
				PRODUCT_BUNDLE_IDENTIFIER = me.virajpatel.guessingGameTests;
				PRODUCT_NAME = "$(TARGET_NAME)";
				SWIFT_VERSION = 3.0;
				TEST_HOST = "$(BUILT_PRODUCTS_DIR)/guessingGame.app/guessingGame";
			};
			name = Debug;
		};
		C0BD54841DDBB863002D46B6 /* Release */ = {
			isa = XCBuildConfiguration;
			buildSettings = {
				ALWAYS_EMBED_SWIFT_STANDARD_LIBRARIES = YES;
				BUNDLE_LOADER = "$(TEST_HOST)";
				INFOPLIST_FILE = guessingGameTests/Info.plist;
				LD_RUNPATH_SEARCH_PATHS = "$(inherited) @executable_path/Frameworks @loader_path/Frameworks";
				PRODUCT_BUNDLE_IDENTIFIER = me.virajpatel.guessingGameTests;
				PRODUCT_NAME = "$(TARGET_NAME)";
				SWIFT_VERSION = 3.0;
				TEST_HOST = "$(BUILT_PRODUCTS_DIR)/guessingGame.app/guessingGame";
			};
			name = Release;
		};
		C0BD54861DDBB863002D46B6 /* Debug */ = {
			isa = XCBuildConfiguration;
			buildSettings = {
				ALWAYS_EMBED_SWIFT_STANDARD_LIBRARIES = YES;
				INFOPLIST_FILE = guessingGameUITests/Info.plist;
				LD_RUNPATH_SEARCH_PATHS = "$(inherited) @executable_path/Frameworks @loader_path/Frameworks";
				PRODUCT_BUNDLE_IDENTIFIER = me.virajpatel.guessingGameUITests;
				PRODUCT_NAME = "$(TARGET_NAME)";
				SWIFT_VERSION = 3.0;
				TEST_TARGET_NAME = guessingGame;
			};
			name = Debug;
		};
		C0BD54871DDBB863002D46B6 /* Release */ = {
			isa = XCBuildConfiguration;
			buildSettings = {
				ALWAYS_EMBED_SWIFT_STANDARD_LIBRARIES = YES;
				INFOPLIST_FILE = guessingGameUITests/Info.plist;
				LD_RUNPATH_SEARCH_PATHS = "$(inherited) @executable_path/Frameworks @loader_path/Frameworks";
				PRODUCT_BUNDLE_IDENTIFIER = me.virajpatel.guessingGameUITests;
				PRODUCT_NAME = "$(TARGET_NAME)";
				SWIFT_VERSION = 3.0;
				TEST_TARGET_NAME = guessingGame;
			};
			name = Release;
		};
/* End XCBuildConfiguration section */

/* Begin XCConfigurationList section */
		C0BD544F1DDBB863002D46B6 /* Build configuration list for PBXProject "guessingGame" */ = {
			isa = XCConfigurationList;
			buildConfigurations = (
				C0BD547D1DDBB863002D46B6 /* Debug */,
				C0BD547E1DDBB863002D46B6 /* Release */,
			);
			defaultConfigurationIsVisible = 0;
			defaultConfigurationName = Release;
		};
		C0BD547F1DDBB863002D46B6 /* Build configuration list for PBXNativeTarget "guessingGame" */ = {
			isa = XCConfigurationList;
			buildConfigurations = (
				C0BD54801DDBB863002D46B6 /* Debug */,
				C0BD54811DDBB863002D46B6 /* Release */,
			);
			defaultConfigurationIsVisible = 0;
		};
		C0BD54821DDBB863002D46B6 /* Build configuration list for PBXNativeTarget "guessingGameTests" */ = {
			isa = XCConfigurationList;
			buildConfigurations = (
				C0BD54831DDBB863002D46B6 /* Debug */,
				C0BD54841DDBB863002D46B6 /* Release */,
			);
			defaultConfigurationIsVisible = 0;
		};
		C0BD54851DDBB863002D46B6 /* Build configuration list for PBXNativeTarget "guessingGameUITests" */ = {
			isa = XCConfigurationList;
			buildConfigurations = (
				C0BD54861DDBB863002D46B6 /* Debug */,
				C0BD54871DDBB863002D46B6 /* Release */,
			);
			defaultConfigurationIsVisible = 0;
		};
/* End XCConfigurationList section */

/* Begin XCVersionGroup section */
		C0BD545E1DDBB863002D46B6 /* guessingGame.xcdatamodeld */ = {
			isa = XCVersionGroup;
			children = (
				C0BD545F1DDBB863002D46B6 /* guessingGame.xcdatamodel */,
			);
			currentVersion = C0BD545F1DDBB863002D46B6 /* guessingGame.xcdatamodel */;
			path = guessingGame.xcdatamodeld;
			sourceTree = "<group>";
			versionGroupType = wrapper.xcdatamodel;
		};
/* End XCVersionGroup section */
	};
	rootObject = C0BD544C1DDBB863002D46B6 /* Project object */;
}
